
Microsoft Visual Studio Solution File, Format Version 12.00
# Visual Studio Version 17
VisualStudioVersion = 17.8.34408.163
MinimumVisualStudioVersion = 10.0.40219.1
Project("{FAE04EC0-301F-11D3-BF4B-00C04F79EFBC}") = "mount_role", "mount_role.csproj", "{12D0C12B-6DCC-4BBB-9C3D-175471CD1A9D}"
EndProject
Global
	GlobalSection(SolutionConfigurationPlatforms) = preSolution
		Debug|Any CPU = Debug|Any CPU
		Release|Any CPU = Release|Any CPU
	EndGlobalSection
	GlobalSection(ProjectConfigurationPlatforms) = postSolution
		{12D0C12B-6DCC-4BBB-9C3D-175471CD1A9D}.Debug|Any CPU.ActiveCfg = Debug|Any CPU
		{12D0C12B-6DCC-4BBB-9C3D-175471CD1A9D}.Debug|Any CPU.Build.0 = Debug|Any CPU
		{12D0C12B-6DCC-4BBB-9C3D-175471CD1A9D}.Release|Any CPU.ActiveCfg = Release|Any CPU
		{12D0C12B-6DCC-4BBB-9C3D-175471CD1A9D}.Release|Any CPU.Build.0 = Release|Any CPU
	EndGlobalSection
	GlobalSection(SolutionProperties) = preSolution
		HideSolutionNode = FALSE
	EndGlobalSection
	GlobalSection(ExtensibilityGlobals) = postSolution
		SolutionGuid = {AE0D3F29-90A1-4129-A6B9-38D91D8B573C}
	EndGlobalSection
EndGlobal
